
Microsoft Visual Studio Solution File, Format Version 12.00
# Visual Studio Version 17
VisualStudioVersion = 17.7.34024.191
MinimumVisualStudioVersion = 10.0.40219.1
Project("{9A19103F-16F7-4668-BE54-9A1E7A4F7556}") = "AgencijaZaNekretnine", "AgencijaZaNekretnine\AgencijaZaNekretnine.csproj", "{A8EEBAC3-5322-435F-90F6-D19BFFE9AF38}"
EndProject
Global
	GlobalSection(SolutionConfigurationPlatforms) = preSolution
		Debug|Any CPU = Debug|Any CPU
		Release|Any CPU = Release|Any CPU
	EndGlobalSection
	GlobalSection(ProjectConfigurationPlatforms) = postSolution
		{A8EEBAC3-5322-435F-90F6-D19BFFE9AF38}.Debug|Any CPU.ActiveCfg = Debug|Any CPU
		{A8EEBAC3-5322-435F-90F6-D19BFFE9AF38}.Debug|Any CPU.Build.0 = Debug|Any CPU
		{A8EEBAC3-5322-435F-90F6-D19BFFE9AF38}.Release|Any CPU.ActiveCfg = Release|Any CPU
		{A8EEBAC3-5322-435F-90F6-D19BFFE9AF38}.Release|Any CPU.Build.0 = Release|Any CPU
	EndGlobalSection
	GlobalSection(SolutionProperties) = preSolution
		HideSolutionNode = FALSE
	EndGlobalSection
	GlobalSection(ExtensibilityGlobals) = postSolution
		SolutionGuid = {44BA4B8C-A243-47FC-A0EE-F8DE888F941C}
	EndGlobalSection
EndGlobal
